
Microsoft Visual Studio Solution File, Format Version 12.00
# Visual Studio 14
VisualStudioVersion = 14.0.24720.0
MinimumVisualStudioVersion = 10.0.40219.1
Project("{FAE04EC0-301F-11D3-BF4B-00C04F79EFBC}") = "SummarisingText", "SummarisingText\SummarisingText.csproj", "{E86C2587-9BE5-428D-B811-56D5737D32FF}"
EndProject
Global
	GlobalSection(SolutionConfigurationPlatforms) = preSolution
		Debug|Any CPU = Debug|Any CPU
		Release|Any CPU = Release|Any CPU
	EndGlobalSection
	GlobalSection(ProjectConfigurationPlatforms) = postSolution
		{E86C2587-9BE5-428D-B811-56D5737D32FF}.Debug|Any CPU.ActiveCfg = Debug|Any CPU
		{E86C2587-9BE5-428D-B811-56D5737D32FF}.Debug|Any CPU.Build.0 = Debug|Any CPU
		{E86C2587-9BE5-428D-B811-56D5737D32FF}.Release|Any CPU.ActiveCfg = Release|Any CPU
		{E86C2587-9BE5-428D-B811-56D5737D32FF}.Release|Any CPU.Build.0 = Release|Any CPU
	EndGlobalSection
	GlobalSection(SolutionProperties) = preSolution
		HideSolutionNode = FALSE
	EndGlobalSection
EndGlobal
